// !$*UTF8*$!
{
	archiveVersion = 1;
	classes = {
	};
	objectVersion = 46;
	objects = {

/* Begin PBXBuildFile section */
		C1B054501F37F39B00F0FB22 /* AppDelegate.swift in Sources */ = {isa = PBXBuildFile; fileRef = C1B0544F1F37F39B00F0FB22 /* AppDelegate.swift */; };
		C1B054521F37F39B00F0FB22 /* ViewController.swift in Sources */ = {isa = PBXBuildFile; fileRef = C1B054511F37F39B00F0FB22 /* ViewController.swift */; };
		C1B054551F37F39B00F0FB22 /* Main.storyboard in Resources */ = {isa = PBXBuildFile; fileRef = C1B054531F37F39B00F0FB22 /* Main.storyboard */; };
		C1B054571F37F39B00F0FB22 /* Assets.xcassets in Resources */ = {isa = PBXBuildFile; fileRef = C1B054561F37F39B00F0FB22 /* Assets.xcassets */; };
		C1B0545A1F37F39B00F0FB22 /* LaunchScreen.storyboard in Resources */ = {isa = PBXBuildFile; fileRef = C1B054581F37F39B00F0FB22 /* LaunchScreen.storyboard */; };
/* End PBXBuildFile section */

/* Begin PBXFileReference section */
		C1B0544C1F37F39B00F0FB22 /* Convector.app */ = {isa = PBXFileReference; explicitFileType = wrapper.application; includeInIndex = 0; path = Convector.app; sourceTree = BUILT_PRODUCTS_DIR; };
		C1B0544F1F37F39B00F0FB22 /* AppDelegate.swift */ = {isa = PBXFileReference; lastKnownFileType = sourcecode.swift; path = AppDelegate.swift; sourceTree = "<group>"; };
		C1B054511F37F39B00F0FB22 /* ViewController.swift */ = {isa = PBXFileReference; lastKnownFileType = sourcecode.swift; path = ViewController.swift; sourceTree = "<group>"; };
		C1B054541F37F39B00F0FB22 /* Base */ = {isa = PBXFileReference; lastKnownFileType = file.storyboard; name = Base; path = Base.lproj/Main.storyboard; sourceTree = "<group>"; };
		C1B054561F37F39B00F0FB22 /* Assets.xcassets */ = {isa = PBXFileReference; lastKnownFileType = folder.assetcatalog; path = Assets.xcassets; sourceTree = "<group>"; };
		C1B054591F37F39B00F0FB22 /* Base */ = {isa = PBXFileReference; lastKnownFileType = file.storyboard; name = Base; path = Base.lproj/LaunchScreen.storyboard; sourceTree = "<group>"; };
		C1B0545B1F37F39B00F0FB22 /* Info.plist */ = {isa = PBXFileReference; lastKnownFileType = text.plist.xml; path = Info.plist; sourceTree = "<group>"; };
/* End PBXFileReference section */

/* Begin PBXFrameworksBuildPhase section */
		C1B054491F37F39B00F0FB22 /* Frameworks */ = {
			isa = PBXFrameworksBuildPhase;
			buildActionMask = 2147483647;
			files = (
			);
			runOnlyForDeploymentPostprocessing = 0;
		};
/* End PBXFrameworksBuildPhase section */

/* Begin PBXGroup section */
		C1B054431F37F39B00F0FB22 = {
			isa = PBXGroup;
			children = (
				C1B0544E1F37F39B00F0FB22 /* Convector */,
				C1B0544D1F37F39B00F0FB22 /* Products */,
			);
			sourceTree = "<group>";
		};
		C1B0544D1F37F39B00F0FB22 /* Products */ = {
			isa = PBXGroup;
			children = (
				C1B0544C1F37F39B00F0FB22 /* Convector.app */,
			);
			name = Products;
			sourceTree = "<group>";
		};
		C1B0544E1F37F39B00F0FB22 /* Convector */ = {
			isa = PBXGroup;
			children = (
				C1B0544F1F37F39B00F0FB22 /* AppDelegate.swift */,
				C1B054511F37F39B00F0FB22 /* ViewController.swift */,
				C1B054531F37F39B00F0FB22 /* Main.storyboard */,
				C1B054561F37F39B00F0FB22 /* Assets.xcassets */,
				C1B054581F37F39B00F0FB22 /* LaunchScreen.storyboard */,
				C1B0545B1F37F39B00F0FB22 /* Info.plist */,
			);
			path = Convector;
			sourceTree = "<group>";
		};
/* End PBXGroup section */

/* Begin PBXNativeTarget section */
		C1B0544B1F37F39B00F0FB22 /* Convector */ = {
			isa = PBXNativeTarget;
			buildConfigurationList = C1B0545E1F37F39B00F0FB22 /* Build configuration list for PBXNativeTarget "Convector" */;
			buildPhases = (
				C1B054481F37F39B00F0FB22 /* Sources */,
				C1B054491F37F39B00F0FB22 /* Frameworks */,
				C1B0544A1F37F39B00F0FB22 /* Resources */,
			);
			buildRules = (
			);
			dependencies = (
			);
			name = Convector;
			productName = Convector;
			productReference = C1B0544C1F37F39B00F0FB22 /* Convector.app */;
			productType = "com.apple.product-type.application";
		};
/* End PBXNativeTarget section */

/* Begin PBXProject section */
		C1B054441F37F39B00F0FB22 /* Project object */ = {
			isa = PBXProject;
			attributes = {
				LastSwiftUpdateCheck = 0830;
				LastUpgradeCheck = 0830;
				ORGANIZATIONNAME = "Дмитрий Коробов";
				TargetAttributes = {
					C1B0544B1F37F39B00F0FB22 = {
						CreatedOnToolsVersion = 8.3.3;
						DevelopmentTeam = RJHPE689V9;
						ProvisioningStyle = Automatic;
					};
				};
			};
			buildConfigurationList = C1B054471F37F39B00F0FB22 /* Build configuration list for PBXProject "Convector" */;
			compatibilityVersion = "Xcode 3.2";
			developmentRegion = English;
			hasScannedForEncodings = 0;
			knownRegions = (
				en,
				Base,
			);
			mainGroup = C1B054431F37F39B00F0FB22;
			productRefGroup = C1B0544D1F37F39B00F0FB22 /* Products */;
			projectDirPath = "";
			projectRoot = "";
			targets = (
				C1B0544B1F37F39B00F0FB22 /* Convector */,
			);
		};
/* End PBXProject section */

/* Begin PBXResourcesBuildPhase section */
		C1B0544A1F37F39B00F0FB22 /* Resources */ = {
			isa = PBXResourcesBuildPhase;
			buildActionMask = 2147483647;
			files = (
				C1B0545A1F37F39B00F0FB22 /* LaunchScreen.storyboard in Resources */,
				C1B054571F37F39B00F0FB22 /* Assets.xcassets in Resources */,
				C1B054551F37F39B00F0FB22 /* Main.storyboard in Resources */,
			);
			runOnlyForDeploymentPostprocessing = 0;
		};
/* End PBXResourcesBuildPhase section */

/* Begin PBXSourcesBuildPhase section */
		C1B054481F37F39B00F0FB22 /* Sources */ = {
			isa = PBXSourcesBuildPhase;
			buildActionMask = 2147483647;
			files = (
				C1B054521F37F39B00F0FB22 /* ViewController.swift in Sources */,
				C1B054501F37F39B00F0FB22 /* AppDelegate.swift in Sources */,
			);
			runOnlyForDeploymentPostprocessing = 0;
		};
/* End PBXSourcesBuildPhase section */

/* Begin PBXVariantGroup section */
		C1B054531F37F39B00F0FB22 /* Main.storyboard */ = {
			isa = PBXVariantGroup;
			children = (
				C1B054541F37F39B00F0FB22 /* Base */,
			);
			name = Main.storyboard;
			sourceTree = "<group>";
		};
		C1B054581F37F39B00F0FB22 /* LaunchScreen.storyboard */ = {
			isa = PBXVariantGroup;
			children = (
				C1B054591F37F39B00F0FB22 /* Base */,
			);
			name = LaunchScreen.storyboard;
			sourceTree = "<group>";
		};
/* End PBXVariantGroup section */

/* Begin XCBuildConfiguration section */
		C1B0545C1F37F39B00F0FB22 /* Debug */ = {
			isa = XCBuildConfiguration;
			buildSettings = {
				ALWAYS_SEARCH_USER_PATHS = NO;
				CLANG_ANALYZER_NONNULL = YES;
				CLANG_ANALYZER_NUMBER_OBJECT_CONVERSION = YES_AGGRESSIVE;
				CLANG_CXX_LANGUAGE_STANDARD = "gnu++0x";
				CLANG_CXX_LIBRARY = "libc++";
				CLANG_ENABLE_MODULES = YES;
				CLANG_ENABLE_OBJC_ARC = YES;
				CLANG_WARN_BOOL_CONVERSION = YES;
				CLANG_WARN_CONSTANT_CONVERSION = YES;
				CLANG_WARN_DIRECT_OBJC_ISA_USAGE = YES_ERROR;
				CLANG_WARN_DOCUMENTATION_COMMENTS = YES;
				CLANG_WARN_EMPTY_BODY = YES;
				CLANG_WARN_ENUM_CONVERSION = YES;
				CLANG_WARN_INFINITE_RECURSION = YES;
				CLANG_WARN_INT_CONVERSION = YES;
				CLANG_WARN_OBJC_ROOT_CLASS = YES_ERROR;
				CLANG_WARN_SUSPICIOUS_MOVE = YES;
				CLANG_WARN_UNREACHABLE_CODE = YES;
				CLANG_WARN__DUPLICATE_METHOD_MATCH = YES;
				"CODE_SIGN_IDENTITY[sdk=iphoneos*]" = "iPhone Developer";
				COPY_PHASE_STRIP = NO;
				DEBUG_INFORMATION_FORMAT = dwarf;
				ENABLE_STRICT_OBJC_MSGSEND = YES;
				ENABLE_TESTABILITY = YES;
				GCC_C_LANGUAGE_STANDARD = gnu99;
				GCC_DYNAMIC_NO_PIC = NO;
				GCC_NO_COMMON_BLOCKS = YES;
				GCC_OPTIMIZATION_LEVEL = 0;
				GCC_PREPROCESSOR_DEFINITIONS = (
					"DEBUG=1",
					"$(inherited)",
				);
				GCC_WARN_64_TO_32_BIT_CONVERSION = YES;
				GCC_WARN_ABOUT_RETURN_TYPE = YES_ERROR;
				GCC_WARN_UNDECLARED_SELECTOR = YES;
				GCC_WARN_UNINITIALIZED_AUTOS = YES_AGGRESSIVE;
				GCC_WARN_UNUSED_FUNCTION = YES;
				GCC_WARN_UNUSED_VARIABLE = YES;
				IPHONEOS_DEPLOYMENT_TARGET = 10.3;
				MTL_ENABLE_DEBUG_INFO = YES;
				ONLY_ACTIVE_ARCH = YES;
				SDKROOT = iphoneos;
				SWIFT_ACTIVE_COMPILATION_CONDITIONS = DEBUG;
				SWIFT_OPTIMIZATION_LEVEL = "-Onone";
			};
			name = Debug;
		};
		C1B0545D1F37F39B00F0FB22 /* Release */ = {
			isa = XCBuildConfiguration;
			buildSettings = {
				ALWAYS_SEARCH_USER_PATHS = NO;
				CLANG_ANALYZER_NONNULL = YES;
				CLANG_ANALYZER_NUMBER_OBJECT_CONVERSION = YES_AGGRESSIVE;
				CLANG_CXX_LANGUAGE_STANDARD = "gnu++0x";
				CLANG_CXX_LIBRARY = "libc++";
				CLANG_ENABLE_MODULES = YES;
				CLANG_ENABLE_OBJC_ARC = YES;
				CLANG_WARN_BOOL_CONVERSION = YES;
				CLANG_WARN_CONSTANT_CONVERSION = YES;
				CLANG_WARN_DIRECT_OBJC_ISA_USAGE = YES_ERROR;
				CLANG_WARN_DOCUMENTATION_COMMENTS = YES;
				CLANG_WARN_EMPTY_BODY = YES;
				CLANG_WARN_ENUM_CONVERSION = YES;
				CLANG_WARN_INFINITE_RECURSION = YES;
				CLANG_WARN_INT_CONVERSION = YES;
				CLANG_WARN_OBJC_ROOT_CLASS = YES_ERROR;
				CLANG_WARN_SUSPICIOUS_MOVE = YES;
				CLANG_WARN_UNREACHABLE_CODE = YES;
				CLANG_WARN__DUPLICATE_METHOD_MATCH = YES;
				"CODE_SIGN_IDENTITY[sdk=iphoneos*]" = "iPhone Developer";
				COPY_PHASE_STRIP = NO;
				DEBUG_INFORMATION_FORMAT = "dwarf-with-dsym";
				ENABLE_NS_ASSERTIONS = NO;
				ENABLE_STRICT_OBJC_MSGSEND = YES;
				GCC_C_LANGUAGE_STANDARD = gnu99;
				GCC_NO_COMMON_BLOCKS = YES;
				GCC_WARN_64_TO_32_BIT_CONVERSION = YES;
				GCC_WARN_ABOUT_RETURN_TYPE = YES_ERROR;
				GCC_WARN_UNDECLARED_SELECTOR = YES;
				GCC_WARN_UNINITIALIZED_AUTOS = YES_AGGRESSIVE;
				GCC_WARN_UNUSED_FUNCTION = YES;
				GCC_WARN_UNUSED_VARIABLE = YES;
				IPHONEOS_DEPLOYMENT_TARGET = 10.3;
				MTL_ENABLE_DEBUG_INFO = NO;
				SDKROOT = iphoneos;
				SWIFT_OPTIMIZATION_LEVEL = "-Owholemodule";
				VALIDATE_PRODUCT = YES;
			};
			name = Release;
		};
		C1B0545F1F37F39B00F0FB22 /* Debug */ = {
			isa = XCBuildConfiguration;
			buildSettings = {
				ASSETCATALOG_COMPILER_APPICON_NAME = AppIcon;
				DEVELOPMENT_TEAM = RJHPE689V9;
				INFOPLIST_FILE = Convector/Info.plist;
				LD_RUNPATH_SEARCH_PATHS = "$(inherited) @executable_path/Frameworks";
				PRODUCT_BUNDLE_IDENTIFIER = com.korcompany.Convector;
				PRODUCT_NAME = "$(TARGET_NAME)";
				SWIFT_VERSION = 3.0;
			};
			name = Debug;
		};
		C1B054601F37F39B00F0FB22 /* Release */ = {
			isa = XCBuildConfiguration;
			buildSettings = {
				ASSETCATALOG_COMPILER_APPICON_NAME = AppIcon;
				DEVELOPMENT_TEAM = RJHPE689V9;
				INFOPLIST_FILE = Convector/Info.plist;
				LD_RUNPATH_SEARCH_PATHS = "$(inherited) @executable_path/Frameworks";
				PRODUCT_BUNDLE_IDENTIFIER = com.korcompany.Convector;
				PRODUCT_NAME = "$(TARGET_NAME)";
				SWIFT_VERSION = 3.0;
			};
			name = Release;
		};
/* End XCBuildConfiguration section */

/* Begin XCConfigurationList section */
		C1B054471F37F39B00F0FB22 /* Build configuration list for PBXProject "Convector" */ = {
			isa = XCConfigurationList;
			buildConfigurations = (
				C1B0545C1F37F39B00F0FB22 /* Debug */,
				C1B0545D1F37F39B00F0FB22 /* Release */,
			);
			defaultConfigurationIsVisible = 0;
			defaultConfigurationName = Release;
		};
		C1B0545E1F37F39B00F0FB22 /* Build configuration list for PBXNativeTarget "Convector" */ = {
			isa = XCConfigurationList;
			buildConfigurations = (
				C1B0545F1F37F39B00F0FB22 /* Debug */,
				C1B054601F37F39B00F0FB22 /* Release */,
			);
			defaultConfigurationIsVisible = 0;
		};
/* End XCConfigurationList section */
	};
	rootObject = C1B054441F37F39B00F0FB22 /* Project object */;
}
