<?xml version="1.0" encoding="UTF-8"?>
<Scheme
   LastUpgradeVersion = "0830"
   version = "2.0">
   <BuildAction
      parallelizeBuildables = "YES"
      buildImplicitDependencies = "YES">
      <BuildActionEntries>
         <BuildActionEntry
            buildForTesting = "YES"
            buildForRunning = "YES"
            buildForProfiling = "YES"
            buildForArchiving = "YES"
            buildForAnalyzing = "YES">
            <BuildableReference
               BuildableIdentifier = "primary"
               BlueprintIdentifier = "C14EB3C61F4D0AA900AF6912"
               BuildableName = "Convector_Apple_Watch.app"
               BlueprintName = "Convector_Apple_Watch"
               ReferencedContainer = "container:Convector.xcodeproj">
            </BuildableReference>
         </BuildActionEntry>
         <BuildActionEntry
            buildForTesting = "YES"
            buildForRunning = "YES"
            buildForProfiling = "YES"
            buildForArchiving = "YES"
            buildForAnalyzing = "YES">
            <BuildableReference
               BuildableIdentifier = "primary"
               BlueprintIdentifier = "C1B0544B1F37F39B00F0FB22"
               BuildableName = "Convector.app"
               BlueprintName = "Convector"
               ReferencedContainer = "container:Convector.xcodeproj">
            </BuildableReference>
         </BuildActionEntry>
      </BuildActionEntries>
   </BuildAction>
   <TestAction
      buildConfiguration = "Debug"
      selectedDebuggerIdentifier = "Xcode.DebuggerFoundation.Debugger.LLDB"
      selectedLauncherIdentifier = "Xcode.DebuggerFoundation.Launcher.LLDB"
      shouldUseLaunchSchemeArgsEnv = "YES">
      <Testables>
      </Testables>
      <MacroExpansion>
         <BuildableReference
            BuildableIdentifier = "primary"
            BlueprintIdentifier = "C14EB3C61F4D0AA900AF6912"
            BuildableName = "Convector_Apple_Watch.app"
            BlueprintName = "Convector_Apple_Watch"
            ReferencedContainer = "container:Convector.xcodeproj">
         </BuildableReference>
      </MacroExpansion>
      <AdditionalOptions>
      </AdditionalOptions>
   </TestAction>
   <LaunchAction
      buildConfiguration = "Debug"
      selectedDebuggerIdentifier = "Xcode.DebuggerFoundation.Debugger.LLDB"
      selectedLauncherIdentifier = "Xcode.DebuggerFoundation.Launcher.LLDB"
      launchStyle = "0"
      useCustomWorkingDirectory = "NO"
      ignoresPersistentStateOnLaunch = "NO"
      debugDocumentVersioning = "YES"
      debugServiceExtension = "internal"
      allowLocationSimulation = "YES"
      launchAutomaticallySubstyle = "32">
      <RemoteRunnable
         runnableDebuggingMode = "2"
         BundleIdentifier = "com.apple.Carousel"
         RemotePath = "/Convector">
         <BuildableReference
            BuildableIdentifier = "primary"
            BlueprintIdentifier = "C14EB3C61F4D0AA900AF6912"
            BuildableName = "Convector_Apple_Watch.app"
            BlueprintName = "Convector_Apple_Watch"
            ReferencedContainer = "container:Convector.xcodeproj">
         </BuildableReference>
      </RemoteRunnable>
      <MacroExpansion>
         <BuildableReference
            BuildableIdentifier = "primary"
            BlueprintIdentifier = "C14EB3C61F4D0AA900AF6912"
            BuildableName = "Convector_Apple_Watch.app"
            BlueprintName = "Convector_Apple_Watch"
            ReferencedContainer = "container:Convector.xcodeproj">
         </BuildableReference>
      </MacroExpansion>
      <AdditionalOptions>
      </AdditionalOptions>
   </LaunchAction>
   <ProfileAction
      buildConfiguration = "Release"
      shouldUseLaunchSchemeArgsEnv = "YES"
      savedToolIdentifier = ""
      useCustomWorkingDirectory = "NO"
      debugDocumentVersioning = "YES"
      launchAutomaticallySubstyle = "32">
      <RemoteRunnable
         runnableDebuggingMode = "2"
         BundleIdentifier = "com.apple.Carousel"
         RemotePath = "/Convector">
         <BuildableReference
            BuildableIdentifier = "primary"
            BlueprintIdentifier = "C14EB3C61F4D0AA900AF6912"
            BuildableName = "Convector_Apple_Watch.app"
            BlueprintName = "Convector_Apple_Watch"
            ReferencedContainer = "container:Convector.xcodeproj">
         </BuildableReference>
      </RemoteRunnable>
      <MacroExpansion>
         <BuildableReference
            BuildableIdentifier = "primary"
            BlueprintIdentifier = "C14EB3C61F4D0AA900AF6912"
            BuildableName = "Convector_Apple_Watch.app"
            BlueprintName = "Convector_Apple_Watch"
            ReferencedContainer = "container:Convector.xcodeproj">
         </BuildableReference>
      </MacroExpansion>
   </ProfileAction>
   <AnalyzeAction
      buildConfiguration = "Debug">
   </AnalyzeAction>
   <ArchiveAction
      buildConfiguration = "Release"
      revealArchiveInOrganizer = "YES">
   </ArchiveAction>
</Scheme>
